
Microsoft Visual Studio Solution File, Format Version 12.00
# Visual Studio Version 17
VisualStudioVersion = 17.3.32825.248
MinimumVisualStudioVersion = 10.0.40219.1
Project("{9A19103F-16F7-4668-BE54-9A1E7A4F7556}") = "WinF Lesson 2", "WinF Lesson 2\WinF Lesson 2.csproj", "{CB4DFCFD-D57B-4FE4-BF50-14FD6B965CE8}"
EndProject
Project("{FAE04EC0-301F-11D3-BF4B-00C04F79EFBC}") = "WinF Calculator", "WinF Calculator\WinF Calculator.csproj", "{83DF80CD-8DB8-4353-9A72-8DB3F236A012}"
EndProject
Global
	GlobalSection(SolutionConfigurationPlatforms) = preSolution
		Debug|Any CPU = Debug|Any CPU
		Release|Any CPU = Release|Any CPU
	EndGlobalSection
	GlobalSection(ProjectConfigurationPlatforms) = postSolution
		{CB4DFCFD-D57B-4FE4-BF50-14FD6B965CE8}.Debug|Any CPU.ActiveCfg = Debug|Any CPU
		{CB4DFCFD-D57B-4FE4-BF50-14FD6B965CE8}.Debug|Any CPU.Build.0 = Debug|Any CPU
		{CB4DFCFD-D57B-4FE4-BF50-14FD6B965CE8}.Release|Any CPU.ActiveCfg = Release|Any CPU
		{CB4DFCFD-D57B-4FE4-BF50-14FD6B965CE8}.Release|Any CPU.Build.0 = Release|Any CPU
		{83DF80CD-8DB8-4353-9A72-8DB3F236A012}.Debug|Any CPU.ActiveCfg = Debug|Any CPU
		{83DF80CD-8DB8-4353-9A72-8DB3F236A012}.Debug|Any CPU.Build.0 = Debug|Any CPU
		{83DF80CD-8DB8-4353-9A72-8DB3F236A012}.Release|Any CPU.ActiveCfg = Release|Any CPU
		{83DF80CD-8DB8-4353-9A72-8DB3F236A012}.Release|Any CPU.Build.0 = Release|Any CPU
	EndGlobalSection
	GlobalSection(SolutionProperties) = preSolution
		HideSolutionNode = FALSE
	EndGlobalSection
	GlobalSection(ExtensibilityGlobals) = postSolution
		SolutionGuid = {3FF2BC8E-DFAC-450A-9328-87EB1320C69A}
	EndGlobalSection
EndGlobal
